
Microsoft Visual Studio Solution File, Format Version 12.00
# Visual Studio Version 17
VisualStudioVersion = 17.5.002.0
MinimumVisualStudioVersion = 10.0.40219.1
Project("{9A19103F-16F7-4668-BE54-9A1E7A4F7556}") = "BidCalculation", "BidCalculation\BidCalculation.csproj", "{A67B3608-E3F7-4202-AE4C-2767AB7D969A}"
EndProject
Global
	GlobalSection(SolutionConfigurationPlatforms) = preSolution
		Debug|Any CPU = Debug|Any CPU
		Release|Any CPU = Release|Any CPU
	EndGlobalSection
	GlobalSection(ProjectConfigurationPlatforms) = postSolution
		{A67B3608-E3F7-4202-AE4C-2767AB7D969A}.Debug|Any CPU.ActiveCfg = Debug|Any CPU
		{A67B3608-E3F7-4202-AE4C-2767AB7D969A}.Debug|Any CPU.Build.0 = Debug|Any CPU
		{A67B3608-E3F7-4202-AE4C-2767AB7D969A}.Release|Any CPU.ActiveCfg = Release|Any CPU
		{A67B3608-E3F7-4202-AE4C-2767AB7D969A}.Release|Any CPU.Build.0 = Release|Any CPU
	EndGlobalSection
	GlobalSection(SolutionProperties) = preSolution
		HideSolutionNode = FALSE
	EndGlobalSection
	GlobalSection(ExtensibilityGlobals) = postSolution
		SolutionGuid = {14EF2935-99AB-4142-AE5E-81EBFB3C27F5}
	EndGlobalSection
EndGlobal
