
Microsoft Visual Studio Solution File, Format Version 12.00
# Visual Studio Version 17
VisualStudioVersion = 17.5.002.0
MinimumVisualStudioVersion = 10.0.40219.1
Project("{9A19103F-16F7-4668-BE54-9A1E7A4F7556}") = "BidCalculation.Tests", "BidCalculation.Tests.csproj", "{D922F1AC-4730-4BA2-9AA9-82D2B09D99CB}"
EndProject
Global
	GlobalSection(SolutionConfigurationPlatforms) = preSolution
		Debug|Any CPU = Debug|Any CPU
		Release|Any CPU = Release|Any CPU
	EndGlobalSection
	GlobalSection(ProjectConfigurationPlatforms) = postSolution
		{D922F1AC-4730-4BA2-9AA9-82D2B09D99CB}.Debug|Any CPU.ActiveCfg = Debug|Any CPU
		{D922F1AC-4730-4BA2-9AA9-82D2B09D99CB}.Debug|Any CPU.Build.0 = Debug|Any CPU
		{D922F1AC-4730-4BA2-9AA9-82D2B09D99CB}.Release|Any CPU.ActiveCfg = Release|Any CPU
		{D922F1AC-4730-4BA2-9AA9-82D2B09D99CB}.Release|Any CPU.Build.0 = Release|Any CPU
	EndGlobalSection
	GlobalSection(SolutionProperties) = preSolution
		HideSolutionNode = FALSE
	EndGlobalSection
	GlobalSection(ExtensibilityGlobals) = postSolution
		SolutionGuid = {DAAB7430-D9C0-48AD-99D7-ACD6E34AD711}
	EndGlobalSection
EndGlobal
